
Microsoft Visual Studio Solution File, Format Version 12.00
# Visual Studio Version 17
VisualStudioVersion = 17.0.31903.59
MinimumVisualStudioVersion = 10.0.40219.1
Project("{FAE04EC0-301F-11D3-BF4B-00C04F79EFBC}") = "Clickly.Domain", "Clickly.Domain\Clickly.Domain.csproj", "{242425CF-2856-4882-ADE9-6ABCC14CDDF4}"
EndProject
Project("{FAE04EC0-301F-11D3-BF4B-00C04F79EFBC}") = "Clickly.Application", "Clickly.Application\Clickly.Application.csproj", "{9513ED97-4416-43C8-BF20-0E998C081843}"
EndProject
Project("{FAE04EC0-301F-11D3-BF4B-00C04F79EFBC}") = "Clickly.Infrastructure", "Clickly.Infrastructure\Clickly.Infrastructure.csproj", "{2A06F52E-4F80-48F1-97A7-EBDEB2E3FD40}"
EndProject
Project("{FAE04EC0-301F-11D3-BF4B-00C04F79EFBC}") = "Clickly.Api", "Clickly.Api\Clickly.Api.csproj", "{11E49CD2-BDD7-45A8-8336-7F72E4710637}"
EndProject
Global
	GlobalSection(SolutionConfigurationPlatforms) = preSolution
		Debug|Any CPU = Debug|Any CPU
		Debug|x64 = Debug|x64
		Debug|x86 = Debug|x86
		Release|Any CPU = Release|Any CPU
		Release|x64 = Release|x64
		Release|x86 = Release|x86
	EndGlobalSection
	GlobalSection(ProjectConfigurationPlatforms) = postSolution
		{242425CF-2856-4882-ADE9-6ABCC14CDDF4}.Debug|Any CPU.ActiveCfg = Debug|Any CPU
		{242425CF-2856-4882-ADE9-6ABCC14CDDF4}.Debug|Any CPU.Build.0 = Debug|Any CPU
		{242425CF-2856-4882-ADE9-6ABCC14CDDF4}.Debug|x64.ActiveCfg = Debug|Any CPU
		{242425CF-2856-4882-ADE9-6ABCC14CDDF4}.Debug|x64.Build.0 = Debug|Any CPU
		{242425CF-2856-4882-ADE9-6ABCC14CDDF4}.Debug|x86.ActiveCfg = Debug|Any CPU
		{242425CF-2856-4882-ADE9-6ABCC14CDDF4}.Debug|x86.Build.0 = Debug|Any CPU
		{242425CF-2856-4882-ADE9-6ABCC14CDDF4}.Release|Any CPU.ActiveCfg = Release|Any CPU
		{242425CF-2856-4882-ADE9-6ABCC14CDDF4}.Release|Any CPU.Build.0 = Release|Any CPU
		{242425CF-2856-4882-ADE9-6ABCC14CDDF4}.Release|x64.ActiveCfg = Release|Any CPU
		{242425CF-2856-4882-ADE9-6ABCC14CDDF4}.Release|x64.Build.0 = Release|Any CPU
		{242425CF-2856-4882-ADE9-6ABCC14CDDF4}.Release|x86.ActiveCfg = Release|Any CPU
		{242425CF-2856-4882-ADE9-6ABCC14CDDF4}.Release|x86.Build.0 = Release|Any CPU
		{9513ED97-4416-43C8-BF20-0E998C081843}.Debug|Any CPU.ActiveCfg = Debug|Any CPU
		{9513ED97-4416-43C8-BF20-0E998C081843}.Debug|Any CPU.Build.0 = Debug|Any CPU
		{9513ED97-4416-43C8-BF20-0E998C081843}.Debug|x64.ActiveCfg = Debug|Any CPU
		{9513ED97-4416-43C8-BF20-0E998C081843}.Debug|x64.Build.0 = Debug|Any CPU
		{9513ED97-4416-43C8-BF20-0E998C081843}.Debug|x86.ActiveCfg = Debug|Any CPU
		{9513ED97-4416-43C8-BF20-0E998C081843}.Debug|x86.Build.0 = Debug|Any CPU
		{9513ED97-4416-43C8-BF20-0E998C081843}.Release|Any CPU.ActiveCfg = Release|Any CPU
		{9513ED97-4416-43C8-BF20-0E998C081843}.Release|Any CPU.Build.0 = Release|Any CPU
		{9513ED97-4416-43C8-BF20-0E998C081843}.Release|x64.ActiveCfg = Release|Any CPU
		{9513ED97-4416-43C8-BF20-0E998C081843}.Release|x64.Build.0 = Release|Any CPU
		{9513ED97-4416-43C8-BF20-0E998C081843}.Release|x86.ActiveCfg = Release|Any CPU
		{9513ED97-4416-43C8-BF20-0E998C081843}.Release|x86.Build.0 = Release|Any CPU
		{2A06F52E-4F80-48F1-97A7-EBDEB2E3FD40}.Debug|Any CPU.ActiveCfg = Debug|Any CPU
		{2A06F52E-4F80-48F1-97A7-EBDEB2E3FD40}.Debug|Any CPU.Build.0 = Debug|Any CPU
		{2A06F52E-4F80-48F1-97A7-EBDEB2E3FD40}.Debug|x64.ActiveCfg = Debug|Any CPU
		{2A06F52E-4F80-48F1-97A7-EBDEB2E3FD40}.Debug|x64.Build.0 = Debug|Any CPU
		{2A06F52E-4F80-48F1-97A7-EBDEB2E3FD40}.Debug|x86.ActiveCfg = Debug|Any CPU
		{2A06F52E-4F80-48F1-97A7-EBDEB2E3FD40}.Debug|x86.Build.0 = Debug|Any CPU
		{2A06F52E-4F80-48F1-97A7-EBDEB2E3FD40}.Release|Any CPU.ActiveCfg = Release|Any CPU
		{2A06F52E-4F80-48F1-97A7-EBDEB2E3FD40}.Release|Any CPU.Build.0 = Release|Any CPU
		{2A06F52E-4F80-48F1-97A7-EBDEB2E3FD40}.Release|x64.ActiveCfg = Release|Any CPU
		{2A06F52E-4F80-48F1-97A7-EBDEB2E3FD40}.Release|x64.Build.0 = Release|Any CPU
		{2A06F52E-4F80-48F1-97A7-EBDEB2E3FD40}.Release|x86.ActiveCfg = Release|Any CPU
		{2A06F52E-4F80-48F1-97A7-EBDEB2E3FD40}.Release|x86.Build.0 = Release|Any CPU
		{11E49CD2-BDD7-45A8-8336-7F72E4710637}.Debug|Any CPU.ActiveCfg = Debug|Any CPU
		{11E49CD2-BDD7-45A8-8336-7F72E4710637}.Debug|Any CPU.Build.0 = Debug|Any CPU
		{11E49CD2-BDD7-45A8-8336-7F72E4710637}.Debug|x64.ActiveCfg = Debug|Any CPU
		{11E49CD2-BDD7-45A8-8336-7F72E4710637}.Debug|x64.Build.0 = Debug|Any CPU
		{11E49CD2-BDD7-45A8-8336-7F72E4710637}.Debug|x86.ActiveCfg = Debug|Any CPU
		{11E49CD2-BDD7-45A8-8336-7F72E4710637}.Debug|x86.Build.0 = Debug|Any CPU
		{11E49CD2-BDD7-45A8-8336-7F72E4710637}.Release|Any CPU.ActiveCfg = Release|Any CPU
		{11E49CD2-BDD7-45A8-8336-7F72E4710637}.Release|Any CPU.Build.0 = Release|Any CPU
		{11E49CD2-BDD7-45A8-8336-7F72E4710637}.Release|x64.ActiveCfg = Release|Any CPU
		{11E49CD2-BDD7-45A8-8336-7F72E4710637}.Release|x64.Build.0 = Release|Any CPU
		{11E49CD2-BDD7-45A8-8336-7F72E4710637}.Release|x86.ActiveCfg = Release|Any CPU
		{11E49CD2-BDD7-45A8-8336-7F72E4710637}.Release|x86.Build.0 = Release|Any CPU
	EndGlobalSection
	GlobalSection(SolutionProperties) = preSolution
		HideSolutionNode = FALSE
	EndGlobalSection
EndGlobal
